name: Unwanted Codecs BLOCK
description: "Blocks unwanted codecs - x264, AV1, XviD, DivX, MPEG-2, VC-1, WMV"
tags:
  - Codec
  - Unwanted
conditions:
  - name: x264 AVC
    type: release_title
    pattern: x264 AVC
    negate: false
    required: false
  - name: AV1
    type: release_title
    pattern: AV1
    negate: false
    required: false
  - name: XviD
    type: release_title
    pattern: XviD
    negate: false
    required: false
  - name: DivX
    type: release_title
    pattern: DivX
    negate: false
    required: false
  - name: MPEG-2
    type: release_title
    pattern: MPEG-2
    negate: false
    required: false
  - name: VC-1
    type: release_title
    pattern: VC-1
    negate: false
    required: false
  - name: WMV
    type: release_title
    pattern: WMV
    negate: false
    required: false
tests: []
